
Microsoft Visual Studio Solution File, Format Version 12.00
# Visual Studio 15
VisualStudioVersion = 15.0.27130.2020
MinimumVisualStudioVersion = 10.0.40219.1
Project("{FAE04EC0-301F-11D3-BF4B-00C04F79EFBC}") = "XamarinBeispiele.Android", "XamarinBeispiele\XamarinBeispiele.Android\XamarinBeispiele.Android.csproj", "{8AAE2C83-F59F-4693-A484-FFD77AAFCA24}"
EndProject
Project("{FAE04EC0-301F-11D3-BF4B-00C04F79EFBC}") = "XamarinBeispiele.UWP", "XamarinBeispiele\XamarinBeispiele.UWP\XamarinBeispiele.UWP.csproj", "{45C0B440-C920-4376-A0BA-1975248A63AE}"
EndProject
Project("{FAE04EC0-301F-11D3-BF4B-00C04F79EFBC}") = "XamarinBeispiele", "XamarinBeispiele\XamarinBeispiele\XamarinBeispiele.csproj", "{5FFADD67-6DE3-4494-8904-ADCDF02BCAED}"
EndProject
Global
	GlobalSection(SolutionConfigurationPlatforms) = preSolution
		Debug|Any CPU = Debug|Any CPU
		Debug|ARM = Debug|ARM
		Debug|x64 = Debug|x64
		Debug|x86 = Debug|x86
		Release|Any CPU = Release|Any CPU
		Release|ARM = Release|ARM
		Release|x64 = Release|x64
		Release|x86 = Release|x86
	EndGlobalSection
	GlobalSection(ProjectConfigurationPlatforms) = postSolution
		{8AAE2C83-F59F-4693-A484-FFD77AAFCA24}.Debug|Any CPU.ActiveCfg = Debug|Any CPU
		{8AAE2C83-F59F-4693-A484-FFD77AAFCA24}.Debug|Any CPU.Build.0 = Debug|Any CPU
		{8AAE2C83-F59F-4693-A484-FFD77AAFCA24}.Debug|Any CPU.Deploy.0 = Debug|Any CPU
		{8AAE2C83-F59F-4693-A484-FFD77AAFCA24}.Debug|ARM.ActiveCfg = Debug|Any CPU
		{8AAE2C83-F59F-4693-A484-FFD77AAFCA24}.Debug|ARM.Build.0 = Debug|Any CPU
		{8AAE2C83-F59F-4693-A484-FFD77AAFCA24}.Debug|ARM.Deploy.0 = Debug|Any CPU
		{8AAE2C83-F59F-4693-A484-FFD77AAFCA24}.Debug|x64.ActiveCfg = Debug|Any CPU
		{8AAE2C83-F59F-4693-A484-FFD77AAFCA24}.Debug|x64.Build.0 = Debug|Any CPU
		{8AAE2C83-F59F-4693-A484-FFD77AAFCA24}.Debug|x64.Deploy.0 = Debug|Any CPU
		{8AAE2C83-F59F-4693-A484-FFD77AAFCA24}.Debug|x86.ActiveCfg = Debug|Any CPU
		{8AAE2C83-F59F-4693-A484-FFD77AAFCA24}.Debug|x86.Build.0 = Debug|Any CPU
		{8AAE2C83-F59F-4693-A484-FFD77AAFCA24}.Debug|x86.Deploy.0 = Debug|Any CPU
		{8AAE2C83-F59F-4693-A484-FFD77AAFCA24}.Release|Any CPU.ActiveCfg = Release|Any CPU
		{8AAE2C83-F59F-4693-A484-FFD77AAFCA24}.Release|Any CPU.Build.0 = Release|Any CPU
		{8AAE2C83-F59F-4693-A484-FFD77AAFCA24}.Release|Any CPU.Deploy.0 = Release|Any CPU
		{8AAE2C83-F59F-4693-A484-FFD77AAFCA24}.Release|ARM.ActiveCfg = Release|Any CPU
		{8AAE2C83-F59F-4693-A484-FFD77AAFCA24}.Release|ARM.Build.0 = Release|Any CPU
		{8AAE2C83-F59F-4693-A484-FFD77AAFCA24}.Release|ARM.Deploy.0 = Release|Any CPU
		{8AAE2C83-F59F-4693-A484-FFD77AAFCA24}.Release|x64.ActiveCfg = Release|Any CPU
		{8AAE2C83-F59F-4693-A484-FFD77AAFCA24}.Release|x64.Build.0 = Release|Any CPU
		{8AAE2C83-F59F-4693-A484-FFD77AAFCA24}.Release|x64.Deploy.0 = Release|Any CPU
		{8AAE2C83-F59F-4693-A484-FFD77AAFCA24}.Release|x86.ActiveCfg = Release|Any CPU
		{8AAE2C83-F59F-4693-A484-FFD77AAFCA24}.Release|x86.Build.0 = Release|Any CPU
		{8AAE2C83-F59F-4693-A484-FFD77AAFCA24}.Release|x86.Deploy.0 = Release|Any CPU
		{45C0B440-C920-4376-A0BA-1975248A63AE}.Debug|Any CPU.ActiveCfg = Debug|x86
		{45C0B440-C920-4376-A0BA-1975248A63AE}.Debug|ARM.ActiveCfg = Debug|ARM
		{45C0B440-C920-4376-A0BA-1975248A63AE}.Debug|ARM.Build.0 = Debug|ARM
		{45C0B440-C920-4376-A0BA-1975248A63AE}.Debug|ARM.Deploy.0 = Debug|ARM
		{45C0B440-C920-4376-A0BA-1975248A63AE}.Debug|x64.ActiveCfg = Debug|x64
		{45C0B440-C920-4376-A0BA-1975248A63AE}.Debug|x64.Build.0 = Debug|x64
		{45C0B440-C920-4376-A0BA-1975248A63AE}.Debug|x64.Deploy.0 = Debug|x64
		{45C0B440-C920-4376-A0BA-1975248A63AE}.Debug|x86.ActiveCfg = Debug|x86
		{45C0B440-C920-4376-A0BA-1975248A63AE}.Debug|x86.Build.0 = Debug|x86
		{45C0B440-C920-4376-A0BA-1975248A63AE}.Debug|x86.Deploy.0 = Debug|x86
		{45C0B440-C920-4376-A0BA-1975248A63AE}.Release|Any CPU.ActiveCfg = Release|x86
		{45C0B440-C920-4376-A0BA-1975248A63AE}.Release|ARM.ActiveCfg = Release|ARM
		{45C0B440-C920-4376-A0BA-1975248A63AE}.Release|ARM.Build.0 = Release|ARM
		{45C0B440-C920-4376-A0BA-1975248A63AE}.Release|ARM.Deploy.0 = Release|ARM
		{45C0B440-C920-4376-A0BA-1975248A63AE}.Release|x64.ActiveCfg = Release|x64
		{45C0B440-C920-4376-A0BA-1975248A63AE}.Release|x64.Build.0 = Release|x64
		{45C0B440-C920-4376-A0BA-1975248A63AE}.Release|x64.Deploy.0 = Release|x64
		{45C0B440-C920-4376-A0BA-1975248A63AE}.Release|x86.ActiveCfg = Release|x86
		{45C0B440-C920-4376-A0BA-1975248A63AE}.Release|x86.Build.0 = Release|x86
		{45C0B440-C920-4376-A0BA-1975248A63AE}.Release|x86.Deploy.0 = Release|x86
		{5FFADD67-6DE3-4494-8904-ADCDF02BCAED}.Debug|Any CPU.ActiveCfg = Debug|Any CPU
		{5FFADD67-6DE3-4494-8904-ADCDF02BCAED}.Debug|Any CPU.Build.0 = Debug|Any CPU
		{5FFADD67-6DE3-4494-8904-ADCDF02BCAED}.Debug|ARM.ActiveCfg = Debug|Any CPU
		{5FFADD67-6DE3-4494-8904-ADCDF02BCAED}.Debug|ARM.Build.0 = Debug|Any CPU
		{5FFADD67-6DE3-4494-8904-ADCDF02BCAED}.Debug|x64.ActiveCfg = Debug|Any CPU
		{5FFADD67-6DE3-4494-8904-ADCDF02BCAED}.Debug|x64.Build.0 = Debug|Any CPU
		{5FFADD67-6DE3-4494-8904-ADCDF02BCAED}.Debug|x86.ActiveCfg = Debug|Any CPU
		{5FFADD67-6DE3-4494-8904-ADCDF02BCAED}.Debug|x86.Build.0 = Debug|Any CPU
		{5FFADD67-6DE3-4494-8904-ADCDF02BCAED}.Release|Any CPU.ActiveCfg = Release|Any CPU
		{5FFADD67-6DE3-4494-8904-ADCDF02BCAED}.Release|Any CPU.Build.0 = Release|Any CPU
		{5FFADD67-6DE3-4494-8904-ADCDF02BCAED}.Release|ARM.ActiveCfg = Release|Any CPU
		{5FFADD67-6DE3-4494-8904-ADCDF02BCAED}.Release|ARM.Build.0 = Release|Any CPU
		{5FFADD67-6DE3-4494-8904-ADCDF02BCAED}.Release|x64.ActiveCfg = Release|Any CPU
		{5FFADD67-6DE3-4494-8904-ADCDF02BCAED}.Release|x64.Build.0 = Release|Any CPU
		{5FFADD67-6DE3-4494-8904-ADCDF02BCAED}.Release|x86.ActiveCfg = Release|Any CPU
		{5FFADD67-6DE3-4494-8904-ADCDF02BCAED}.Release|x86.Build.0 = Release|Any CPU
	EndGlobalSection
	GlobalSection(SolutionProperties) = preSolution
		HideSolutionNode = FALSE
	EndGlobalSection
	GlobalSection(ExtensibilityGlobals) = postSolution
		SolutionGuid = {94857323-3931-488E-97D1-5BCF31F60F78}
	EndGlobalSection
EndGlobal
